
Microsoft Visual Studio Solution File, Format Version 12.00
# Visual Studio Version 16
VisualStudioVersion = 16.0.30907.101
MinimumVisualStudioVersion = 10.0.40219.1
Project("{9A19103F-16F7-4668-BE54-9A1E7A4F7556}") = "OvSuMusic.Models", "OvSuMusic.Models\OvSuMusic.Models.csproj", "{9B8DA6F6-1C65-4341-84E6-5F01E207AE1C}"
EndProject
Project("{9A19103F-16F7-4668-BE54-9A1E7A4F7556}") = "OvSuMusic.Data", "OvSuMusic.Data\OvSuMusic.Data.csproj", "{74BB68CD-D7A4-4B5D-A5E6-EBDEA777F482}"
EndProject
Project("{9A19103F-16F7-4668-BE54-9A1E7A4F7556}") = "OvSuMusic.WebApi", "OvSuMusic.WebApi\OvSuMusic.WebApi.csproj", "{BD65065B-0DCE-4B46-9B82-8FE7157F1FED}"
EndProject
Project("{FAE04EC0-301F-11D3-BF4B-00C04F79EFBC}") = "OvSuMusic.Dtos", "OvSuMusic.Dtos\OvSuMusic.Dtos.csproj", "{0B4EFED9-5AF9-48E6-BA1A-1C87C4C161EC}"
EndProject
Global
	GlobalSection(SolutionConfigurationPlatforms) = preSolution
		Debug|Any CPU = Debug|Any CPU
		Release|Any CPU = Release|Any CPU
	EndGlobalSection
	GlobalSection(ProjectConfigurationPlatforms) = postSolution
		{9B8DA6F6-1C65-4341-84E6-5F01E207AE1C}.Debug|Any CPU.ActiveCfg = Debug|Any CPU
		{9B8DA6F6-1C65-4341-84E6-5F01E207AE1C}.Debug|Any CPU.Build.0 = Debug|Any CPU
		{9B8DA6F6-1C65-4341-84E6-5F01E207AE1C}.Release|Any CPU.ActiveCfg = Release|Any CPU
		{9B8DA6F6-1C65-4341-84E6-5F01E207AE1C}.Release|Any CPU.Build.0 = Release|Any CPU
		{74BB68CD-D7A4-4B5D-A5E6-EBDEA777F482}.Debug|Any CPU.ActiveCfg = Debug|Any CPU
		{74BB68CD-D7A4-4B5D-A5E6-EBDEA777F482}.Debug|Any CPU.Build.0 = Debug|Any CPU
		{74BB68CD-D7A4-4B5D-A5E6-EBDEA777F482}.Release|Any CPU.ActiveCfg = Release|Any CPU
		{74BB68CD-D7A4-4B5D-A5E6-EBDEA777F482}.Release|Any CPU.Build.0 = Release|Any CPU
		{BD65065B-0DCE-4B46-9B82-8FE7157F1FED}.Debug|Any CPU.ActiveCfg = Debug|Any CPU
		{BD65065B-0DCE-4B46-9B82-8FE7157F1FED}.Debug|Any CPU.Build.0 = Debug|Any CPU
		{BD65065B-0DCE-4B46-9B82-8FE7157F1FED}.Release|Any CPU.ActiveCfg = Release|Any CPU
		{BD65065B-0DCE-4B46-9B82-8FE7157F1FED}.Release|Any CPU.Build.0 = Release|Any CPU
		{0B4EFED9-5AF9-48E6-BA1A-1C87C4C161EC}.Debug|Any CPU.ActiveCfg = Debug|Any CPU
		{0B4EFED9-5AF9-48E6-BA1A-1C87C4C161EC}.Debug|Any CPU.Build.0 = Debug|Any CPU
		{0B4EFED9-5AF9-48E6-BA1A-1C87C4C161EC}.Release|Any CPU.ActiveCfg = Release|Any CPU
		{0B4EFED9-5AF9-48E6-BA1A-1C87C4C161EC}.Release|Any CPU.Build.0 = Release|Any CPU
	EndGlobalSection
	GlobalSection(SolutionProperties) = preSolution
		HideSolutionNode = FALSE
	EndGlobalSection
	GlobalSection(ExtensibilityGlobals) = postSolution
		SolutionGuid = {513B80D7-B9A6-4C1C-80ED-19702B87976F}
	EndGlobalSection
EndGlobal
